PODS:
  - AFNetworking (4.0.1):
    - AFNetworking/NSURLSession (= 4.0.1)
    - AFNetworking/Reachability (= 4.0.1)
    - AFNetworking/Security (= 4.0.1)
    - AFNetworking/Serialization (= 4.0.1)
    - AFNetworking/UIKit (= 4.0.1)
  - AFNetworking/NSURLSession (4.0.1):
    - AFNetworking/Reachability
    - AFNetworking/Security
    - AFNetworking/Serialization
  - AFNetworking/Reachability (4.0.1)
  - AFNetworking/Security (4.0.1)
  - AFNetworking/Serialization (4.0.1)
  - AFNetworking/UIKit (4.0.1):
    - AFNetworking/NSURLSession
  - BRPickerView (2.7.3):
    - BRPickerView/AddressPickerView (= 2.7.3)
    - BRPickerView/Base (= 2.7.3)
    - BRPickerView/DatePickerView (= 2.7.3)
    - BRPickerView/StringPickerView (= 2.7.3)
  - BRPickerView/AddressPickerView (2.7.3):
    - BRPickerView/Base
  - BRPickerView/Base (2.7.3)
  - BRPickerView/DatePickerView (2.7.3):
    - BRPickerView/Base
  - BRPickerView/StringPickerView (2.7.3):
    - BRPickerView/Base
  - CocoaAsyncSocket (7.6.4)
  - DoraemonKit (3.0.4):
    - DoraemonKit/Core (= 3.0.4)
  - DoraemonKit/Core (3.0.4):
    - FMDB
    - GCDWebServer
    - GCDWebServer/WebDAV
    - GCDWebServer/WebUploader
  - FBRetainCycleDetector (0.1.4)
  - FLAnimatedImage (1.0.12)
  - "FLAnimatedImageView+RGWrapper (1.0.0)":
    - FLAnimatedImage
  - FLEX (4.2.1)
  - FMDB (2.7.5):
    - FMDB/standard (= 2.7.5)
  - FMDB/standard (2.7.5)
  - GCDWebServer (3.5.4):
    - GCDWebServer/Core (= 3.5.4)
  - GCDWebServer/Core (3.5.4)
  - GCDWebServer/WebDAV (3.5.4):
    - GCDWebServer/Core
  - GCDWebServer/WebUploader (3.5.4):
    - GCDWebServer/Core
  - GKNavigationBar (1.3.0):
    - GKNavigationBar/GestureHandle (= 1.3.0)
    - GKNavigationBar/NavigationBar (= 1.3.0)
  - GKNavigationBar/GestureHandle (1.3.0)
  - GKNavigationBar/NavigationBar (1.3.0)
  - IJKMediaFramework (0.1.5)
  - IQKeyboardManager (6.5.6)
  - JJException (0.2.9):
    - JJException/All (= 0.2.9)
  - JJException/All (0.2.9):
    - JJException/ARC
    - JJException/DeallocBlock
    - JJException/Main
    - JJException/MRC
    - JJException/Swizzle
  - JJException/ARC (0.2.9):
    - JJException/DeallocBlock
    - JJException/Main
    - JJException/Swizzle
  - JJException/DeallocBlock (0.2.9)
  - JJException/Main (0.2.9)
  - JJException/MRC (0.2.9):
    - JJException/Main
    - JJException/Swizzle
  - JJException/Swizzle (0.2.9)
  - JPImageresizerView (1.7.7)
  - JXCategoryView (1.5.8)
  - JXPagingView/Pager (2.0.13)
  - lottie-ios (2.5.3)
  - LYEmptyView (1.3.1)
  - Masonry (1.1.0)
  - MBProgressHUD (1.2.0)
  - MGSwipeTableCell (1.6.11)
  - MJExtension (3.2.2)
  - MJRefresh (3.5.0)
  - MQTTClient (0.15.3):
    - MQTTClient/Core (= 0.15.3)
  - MQTTClient/Core (0.15.3):
    - MQTTClient/Manager
    - MQTTClient/Min
  - MQTTClient/Manager (0.15.3):
    - MQTTClient/Min
  - MQTTClient/Min (0.15.3)
  - PPBadgeView (3.1.0)
  - Reachability (3.2)
  - ReactiveObjC (3.1.1)
  - RQShineLabel (0.1.3)
  - SDWebImage (5.9.4):
    - SDWebImage/Core (= 5.9.4)
  - SDWebImage/Core (5.9.4)
  - Shimmer (1.0.2)
  - SPAlertController (4.0.0)
  - SZTextView (1.3.0)
  - TFPopup (1.3.0)
  - TXFileOperation (1.0)
  - TZImagePickerController (3.5.1)
  - VIMediaCache (0.4)
  - WHToast (0.0.7)
  - ZFPlayer (4.0.1):
    - ZFPlayer/Core (= 4.0.1)
  - ZFPlayer/AVPlayer (4.0.1):
    - ZFPlayer/Core
  - ZFPlayer/ControlView (4.0.1):
    - ZFPlayer/Core
  - ZFPlayer/Core (4.0.1)
  - ZFPlayer/ijkplayer (4.0.1):
    - IJKMediaFramework
    - ZFPlayer/Core

DEPENDENCIES:
  - AFNetworking
  - BRPickerView
  - CocoaAsyncSocket
  - DoraemonKit
  - FBRetainCycleDetector
  - "FLAnimatedImageView+RGWrapper"
  - FLEX
  - GKNavigationBar
  - IQKeyboardManager
  - JJException
  - JPImageresizerView
  - JXCategoryView
  - JXPagingView/Pager
  - lottie-ios (~> 2.5.3)
  - LYEmptyView
  - Masonry
  - MBProgressHUD (~> 1.2.0)
  - MGSwipeTableCell
  - MJExtension
  - MJRefresh
  - MQTTClient
  - PPBadgeView
  - Reachability
  - ReactiveObjC
  - RQShineLabel
  - SDWebImage
  - Shimmer
  - SPAlertController
  - SZTextView
  - TFPopup
  - TXFileOperation
  - TZImagePickerController
  - VIMediaCache
  - WHToast
  - ZFPlayer
  - ZFPlayer/AVPlayer
  - ZFPlayer/ControlView
  - ZFPlayer/ijkplayer

SPEC REPOS:
  https://github.com/CocoaPods/Specs.git:
    - AFNetworking
    - BRPickerView
    - CocoaAsyncSocket
    - DoraemonKit
    - FBRetainCycleDetector
    - FLAnimatedImage
    - "FLAnimatedImageView+RGWrapper"
    - FLEX
    - FMDB
    - GCDWebServer
    - GKNavigationBar
    - IJKMediaFramework
    - IQKeyboardManager
    - JJException
    - JPImageresizerView
    - JXCategoryView
    - JXPagingView
    - lottie-ios
    - LYEmptyView
    - Masonry
    - MBProgressHUD
    - MGSwipeTableCell
    - MJExtension
    - MJRefresh
    - MQTTClient
    - PPBadgeView
    - Reachability
    - ReactiveObjC
    - RQShineLabel
    - SDWebImage
    - Shimmer
    - SPAlertController
    - SZTextView
    - TFPopup
    - TXFileOperation
    - TZImagePickerController
    - VIMediaCache
    - WHToast
    - ZFPlayer

SPEC CHECKSUMS:
  AFNetworking: 7864c38297c79aaca1500c33288e429c3451fdce
  BRPickerView: 9cc11880ac79c4872d081ccb88f306224c1501d7
  CocoaAsyncSocket: 694058e7c0ed05a9e217d1b3c7ded962f4180845
  DoraemonKit: b507a1500667024070f248d648632a3f7bbb6044
  FBRetainCycleDetector: 46f8179bbb1c587deee3ea838a1a3ee02acf5015
  FLAnimatedImage: 4a0b56255d9b05f18b6dd7ee06871be5d3b89e31
  "FLAnimatedImageView+RGWrapper": 01f3dc52abf32abf2cd854b442864d679a41465c
  FLEX: 64f134947679a5eab867843aef1f125a5c7c7d77
  FMDB: 2ce00b547f966261cd18927a3ddb07cb6f3db82a
  GCDWebServer: 2c156a56c8226e2d5c0c3f208a3621ccffbe3ce4
  GKNavigationBar: 4585b27224d041df3c180031fa7a644e50a9a234
  IJKMediaFramework: f1119f6324c96bc4654f3045a5beaa95ba0596c0
  IQKeyboardManager: 2a6e97afdafc7becf0cb17a9a8d795e3a980717f
  JJException: da7c64ccf29d9938a4075378a7e9a29db7383c37
  JPImageresizerView: ba2301b87ad03f7a7976deec4ccc75085d29f6c1
  JXCategoryView: 778a620f76070d6598fd8d7239991b8da8326170
  JXPagingView: 821ed274f09eaf2843a96c3a74e9d138e27d9730
  lottie-ios: a50d5c0160425cd4b01b852bb9578963e6d92d31
  LYEmptyView: b6d418cfa38b78df0cf243f9a9c25ccbdc399922
  Masonry: 678fab65091a9290e40e2832a55e7ab731aad201
  MBProgressHUD: 3ee5efcc380f6a79a7cc9b363dd669c5e1ae7406
  MGSwipeTableCell: b804e4e450dee439c42250be90bd50458bf67fce
  MJExtension: d9b9c74cbdeb724c1e9ecbb157b318276e62e876
  MJRefresh: 6afc955813966afb08305477dd7a0d9ad5e79a16
  MQTTClient: 0dfa04e789479c2e461786464969895c1fcb0875
  PPBadgeView: b50a223638970fd0781e8753250385864b6dd2fe
  Reachability: 33e18b67625424e47b6cde6d202dce689ad7af96
  ReactiveObjC: 011caa393aa0383245f2dcf9bf02e86b80b36040
  RQShineLabel: ae66343d6c779a8efdf61241734ddcec5d79d351
  SDWebImage: b69257f4ab14e9b6a2ef53e910fdf914d8f757c1
  Shimmer: c5374be1c2b0c9e292fb05b339a513cf291cac86
  SPAlertController: b245d7a5e17d612da051f2612aca3703f21d108f
  SZTextView: 094dc6acc9beec537685c545d6e3e0d4975174e1
  TFPopup: e1396132337290244668fdd8a7faf8ff461c481b
  TXFileOperation: 99bc7e3763678fdea8e8c407e2b87fb18038385f
  TZImagePickerController: 21b5e8af2458053ec55b33044316d87c366d7707
  VIMediaCache: aa650f82cb114c68a343beb4e67416cf5eb2f3a2
  WHToast: 11a17a3f09f5f733e32bd6f3338919a448cbb719
  ZFPlayer: f88787c815f7b0801279c42f131a89e2823e669e

PODFILE CHECKSUM: ae45c7f8b475d8287a2f1ddb166e875d5418c292

COCOAPODS: 1.10.0
